// !$*UTF8*$!
{
	archiveVersion = 1;
	classes = {
	};
	objectVersion = 46;
	objects = {

/* Begin PBXBuildFile section */
		65E472751DD8BDEA00133504 /* AppDelegate.swift in Sources */ = {isa = PBXBuildFile; fileRef = 65E472741DD8BDEA00133504 /* AppDelegate.swift */; };
		65E472771DD8BDEA00133504 /* ViewController.swift in Sources */ = {isa = PBXBuildFile; fileRef = 65E472761DD8BDEA00133504 /* ViewController.swift */; };
		65E4727A1DD8BDEA00133504 /* Main.storyboard in Resources */ = {isa = PBXBuildFile; fileRef = 65E472781DD8BDEA00133504 /* Main.storyboard */; };
		65E4727C1DD8BDEA00133504 /* Assets.xcassets in Resources */ = {isa = PBXBuildFile; fileRef = 65E4727B1DD8BDEA00133504 /* Assets.xcassets */; };
		65E4727F1DD8BDEA00133504 /* LaunchScreen.storyboard in Resources */ = {isa = PBXBuildFile; fileRef = 65E4727D1DD8BDEA00133504 /* LaunchScreen.storyboard */; };
/* End PBXBuildFile section */

/* Begin PBXFileReference section */
		65E472711DD8BDEA00133504 /* iOS2016.app */ = {isa = PBXFileReference; explicitFileType = wrapper.application; includeInIndex = 0; path = iOS2016.app; sourceTree = BUILT_PRODUCTS_DIR; };
		65E472741DD8BDEA00133504 /* AppDelegate.swift */ = {isa = PBXFileReference; lastKnownFileType = sourcecode.swift; path = AppDelegate.swift; sourceTree = "<group>"; };
		65E472761DD8BDEA00133504 /* ViewController.swift */ = {isa = PBXFileReference; lastKnownFileType = sourcecode.swift; path = ViewController.swift; sourceTree = "<group>"; };
		65E472791DD8BDEA00133504 /* Base */ = {isa = PBXFileReference; lastKnownFileType = file.storyboard; name = Base; path = Base.lproj/Main.storyboard; sourceTree = "<group>"; };
		65E4727B1DD8BDEA00133504 /* Assets.xcassets */ = {isa = PBXFileReference; lastKnownFileType = folder.assetcatalog; path = Assets.xcassets; sourceTree = "<group>"; };
		65E4727E1DD8BDEA00133504 /* Base */ = {isa = PBXFileReference; lastKnownFileType = file.storyboard; name = Base; path = Base.lproj/LaunchScreen.storyboard; sourceTree = "<group>"; };
		65E472801DD8BDEA00133504 /* Info.plist */ = {isa = PBXFileReference; lastKnownFileType = text.plist.xml; path = Info.plist; sourceTree = "<group>"; };
/* End PBXFileReference section */

/* Begin PBXFrameworksBuildPhase section */
		65E4726E1DD8BDE900133504 /* Frameworks */ = {
			isa = PBXFrameworksBuildPhase;
			buildActionMask = 2147483647;
			files = (
			);
			runOnlyForDeploymentPostprocessing = 0;
		};
/* End PBXFrameworksBuildPhase section */

/* Begin PBXGroup section */
		65E472681DD8BDE900133504 = {
			isa = PBXGroup;
			children = (
				65E472731DD8BDEA00133504 /* iOS2016 */,
				65E472721DD8BDEA00133504 /* Products */,
			);
			indentWidth = 2;
			sourceTree = "<group>";
			tabWidth = 2;
		};
		65E472721DD8BDEA00133504 /* Products */ = {
			isa = PBXGroup;
			children = (
				65E472711DD8BDEA00133504 /* iOS2016.app */,
			);
			name = Products;
			sourceTree = "<group>";
		};
		65E472731DD8BDEA00133504 /* iOS2016 */ = {
			isa = PBXGroup;
			children = (
				65E472741DD8BDEA00133504 /* AppDelegate.swift */,
				65E472761DD8BDEA00133504 /* ViewController.swift */,
				65E472781DD8BDEA00133504 /* Main.storyboard */,
				65E4727B1DD8BDEA00133504 /* Assets.xcassets */,
				65E4727D1DD8BDEA00133504 /* LaunchScreen.storyboard */,
				65E472801DD8BDEA00133504 /* Info.plist */,
			);
			path = iOS2016;
			sourceTree = "<group>";
		};
/* End PBXGroup section */

/* Begin PBXNativeTarget section */
		65E472701DD8BDE900133504 /* iOS2016 */ = {
			isa = PBXNativeTarget;
			buildConfigurationList = 65E472831DD8BDEA00133504 /* Build configuration list for PBXNativeTarget "iOS2016" */;
			buildPhases = (
				65E4726D1DD8BDE900133504 /* Sources */,
				65E4726E1DD8BDE900133504 /* Frameworks */,
				65E4726F1DD8BDE900133504 /* Resources */,
			);
			buildRules = (
			);
			dependencies = (
			);
			name = iOS2016;
			productName = iOS2016;
			productReference = 65E472711DD8BDEA00133504 /* iOS2016.app */;
			productType = "com.apple.product-type.application";
		};
/* End PBXNativeTarget section */

/* Begin PBXProject section */
		65E472691DD8BDE900133504 /* Project object */ = {
			isa = PBXProject;
			attributes = {
				LastSwiftUpdateCheck = 0810;
				LastUpgradeCheck = 0810;
				ORGANIZATIONNAME = "Andrea Mazzini";
				TargetAttributes = {
					65E472701DD8BDE900133504 = {
						CreatedOnToolsVersion = 8.1;
						DevelopmentTeam = H72GR44F4M;
						ProvisioningStyle = Automatic;
					};
				};
			};
			buildConfigurationList = 65E4726C1DD8BDE900133504 /* Build configuration list for PBXProject "iOS2016" */;
			compatibilityVersion = "Xcode 3.2";
			developmentRegion = English;
			hasScannedForEncodings = 0;
			knownRegions = (
				en,
				Base,
			);
			mainGroup = 65E472681DD8BDE900133504;
			productRefGroup = 65E472721DD8BDEA00133504 /* Products */;
			projectDirPath = "";
			projectRoot = "";
			targets = (
				65E472701DD8BDE900133504 /* iOS2016 */,
			);
		};
/* End PBXProject section */

/* Begin PBXResourcesBuildPhase section */
		65E4726F1DD8BDE900133504 /* Resources */ = {
			isa = PBXResourcesBuildPhase;
			buildActionMask = 2147483647;
			files = (
				65E4727F1DD8BDEA00133504 /* LaunchScreen.storyboard in Resources */,
				65E4727C1DD8BDEA00133504 /* Assets.xcassets in Resources */,
				65E4727A1DD8BDEA00133504 /* Main.storyboard in Resources */,
			);
			runOnlyForDeploymentPostprocessing = 0;
		};
/* End PBXResourcesBuildPhase section */

/* Begin PBXSourcesBuildPhase section */
		65E4726D1DD8BDE900133504 /* Sources */ = {
			isa = PBXSourcesBuildPhase;
			buildActionMask = 2147483647;
			files = (
				65E472771DD8BDEA00133504 /* ViewController.swift in Sources */,
				65E472751DD8BDEA00133504 /* AppDelegate.swift in Sources */,
			);
			runOnlyForDeploymentPostprocessing = 0;
		};
/* End PBXSourcesBuildPhase section */

/* Begin PBXVariantGroup section */
		65E472781DD8BDEA00133504 /* Main.storyboard */ = {
			isa = PBXVariantGroup;
			children = (
				65E472791DD8BDEA00133504 /* Base */,
			);
			name = Main.storyboard;
			sourceTree = "<group>";
		};
		65E4727D1DD8BDEA00133504 /* LaunchScreen.storyboard */ = {
			isa = PBXVariantGroup;
			children = (
				65E4727E1DD8BDEA00133504 /* Base */,
			);
			name = LaunchScreen.storyboard;
			sourceTree = "<group>";
		};
/* End PBXVariantGroup section */

/* Begin XCBuildConfiguration section */
		65E472811DD8BDEA00133504 /* Debug */ = {
			isa = XCBuildConfiguration;
			buildSettings = {
				ALWAYS_SEARCH_USER_PATHS = NO;
				CLANG_ANALYZER_NONNULL = YES;
				CLANG_CXX_LANGUAGE_STANDARD = "gnu++0x";
				CLANG_CXX_LIBRARY = "libc++";
				CLANG_ENABLE_MODULES = YES;
				CLANG_ENABLE_OBJC_ARC = YES;
				CLANG_WARN_BOOL_CONVERSION = YES;
				CLANG_WARN_CONSTANT_CONVERSION = YES;
				CLANG_WARN_DIRECT_OBJC_ISA_USAGE = YES_ERROR;
				CLANG_WARN_DOCUMENTATION_COMMENTS = YES;
				CLANG_WARN_EMPTY_BODY = YES;
				CLANG_WARN_ENUM_CONVERSION = YES;
				CLANG_WARN_INFINITE_RECURSION = YES;
				CLANG_WARN_INT_CONVERSION = YES;
				CLANG_WARN_OBJC_ROOT_CLASS = YES_ERROR;
				CLANG_WARN_SUSPICIOUS_MOVES = YES;
				CLANG_WARN_UNREACHABLE_CODE = YES;
				CLANG_WARN__DUPLICATE_METHOD_MATCH = YES;
				"CODE_SIGN_IDENTITY[sdk=iphoneos*]" = "iPhone Developer";
				COPY_PHASE_STRIP = NO;
				DEBUG_INFORMATION_FORMAT = dwarf;
				ENABLE_STRICT_OBJC_MSGSEND = YES;
				ENABLE_TESTABILITY = YES;
				GCC_C_LANGUAGE_STANDARD = gnu99;
				GCC_DYNAMIC_NO_PIC = NO;
				GCC_NO_COMMON_BLOCKS = YES;
				GCC_OPTIMIZATION_LEVEL = 0;
				GCC_PREPROCESSOR_DEFINITIONS = (
					"DEBUG=1",
					"$(inherited)",
				);
				GCC_WARN_64_TO_32_BIT_CONVERSION = YES;
				GCC_WARN_ABOUT_RETURN_TYPE = YES_ERROR;
				GCC_WARN_UNDECLARED_SELECTOR = YES;
				GCC_WARN_UNINITIALIZED_AUTOS = YES_AGGRESSIVE;
				GCC_WARN_UNUSED_FUNCTION = YES;
				GCC_WARN_UNUSED_VARIABLE = YES;
				IPHONEOS_DEPLOYMENT_TARGET = 10.1;
				MTL_ENABLE_DEBUG_INFO = YES;
				ONLY_ACTIVE_ARCH = YES;
				SDKROOT = iphoneos;
				SWIFT_ACTIVE_COMPILATION_CONDITIONS = DEBUG;
				SWIFT_OPTIMIZATION_LEVEL = "-Onone";
			};
			name = Debug;
		};
		65E472821DD8BDEA00133504 /* Release */ = {
			isa = XCBuildConfiguration;
			buildSettings = {
				ALWAYS_SEARCH_USER_PATHS = NO;
				CLANG_ANALYZER_NONNULL = YES;
				CLANG_CXX_LANGUAGE_STANDARD = "gnu++0x";
				CLANG_CXX_LIBRARY = "libc++";
				CLANG_ENABLE_MODULES = YES;
				CLANG_ENABLE_OBJC_ARC = YES;
				CLANG_WARN_BOOL_CONVERSION = YES;
				CLANG_WARN_CONSTANT_CONVERSION = YES;
				CLANG_WARN_DIRECT_OBJC_ISA_USAGE = YES_ERROR;
				CLANG_WARN_DOCUMENTATION_COMMENTS = YES;
				CLANG_WARN_EMPTY_BODY = YES;
				CLANG_WARN_ENUM_CONVERSION = YES;
				CLANG_WARN_INFINITE_RECURSION = YES;
				CLANG_WARN_INT_CONVERSION = YES;
				CLANG_WARN_OBJC_ROOT_CLASS = YES_ERROR;
				CLANG_WARN_SUSPICIOUS_MOVES = YES;
				CLANG_WARN_UNREACHABLE_CODE = YES;
				CLANG_WARN__DUPLICATE_METHOD_MATCH = YES;
				"CODE_SIGN_IDENTITY[sdk=iphoneos*]" = "iPhone Developer";
				COPY_PHASE_STRIP = NO;
				DEBUG_INFORMATION_FORMAT = "dwarf-with-dsym";
				ENABLE_NS_ASSERTIONS = NO;
				ENABLE_STRICT_OBJC_MSGSEND = YES;
				GCC_C_LANGUAGE_STANDARD = gnu99;
				GCC_NO_COMMON_BLOCKS = YES;
				GCC_WARN_64_TO_32_BIT_CONVERSION = YES;
				GCC_WARN_ABOUT_RETURN_TYPE = YES_ERROR;
				GCC_WARN_UNDECLARED_SELECTOR = YES;
				GCC_WARN_UNINITIALIZED_AUTOS = YES_AGGRESSIVE;
				GCC_WARN_UNUSED_FUNCTION = YES;
				GCC_WARN_UNUSED_VARIABLE = YES;
				IPHONEOS_DEPLOYMENT_TARGET = 10.1;
				MTL_ENABLE_DEBUG_INFO = NO;
				SDKROOT = iphoneos;
				SWIFT_OPTIMIZATION_LEVEL = "-Owholemodule";
				VALIDATE_PRODUCT = YES;
			};
			name = Release;
		};
		65E472841DD8BDEA00133504 /* Debug */ = {
			isa = XCBuildConfiguration;
			buildSettings = {
				ASSETCATALOG_COMPILER_APPICON_NAME = AppIcon;
				DEVELOPMENT_TEAM = H72GR44F4M;
				INFOPLIST_FILE = iOS2016/Info.plist;
				LD_RUNPATH_SEARCH_PATHS = "$(inherited) @executable_path/Frameworks";
				PRODUCT_BUNDLE_IDENTIFIER = it.fancypixel.iOS2016;
				PRODUCT_NAME = "$(TARGET_NAME)";
				SWIFT_VERSION = 3.0;
			};
			name = Debug;
		};
		65E472851DD8BDEA00133504 /* Release */ = {
			isa = XCBuildConfiguration;
			buildSettings = {
				ASSETCATALOG_COMPILER_APPICON_NAME = AppIcon;
				DEVELOPMENT_TEAM = H72GR44F4M;
				INFOPLIST_FILE = iOS2016/Info.plist;
				LD_RUNPATH_SEARCH_PATHS = "$(inherited) @executable_path/Frameworks";
				PRODUCT_BUNDLE_IDENTIFIER = it.fancypixel.iOS2016;
				PRODUCT_NAME = "$(TARGET_NAME)";
				SWIFT_VERSION = 3.0;
			};
			name = Release;
		};
/* End XCBuildConfiguration section */

/* Begin XCConfigurationList section */
		65E4726C1DD8BDE900133504 /* Build configuration list for PBXProject "iOS2016" */ = {
			isa = XCConfigurationList;
			buildConfigurations = (
				65E472811DD8BDEA00133504 /* Debug */,
				65E472821DD8BDEA00133504 /* Release */,
			);
			defaultConfigurationIsVisible = 0;
			defaultConfigurationName = Release;
		};
		65E472831DD8BDEA00133504 /* Build configuration list for PBXNativeTarget "iOS2016" */ = {
			isa = XCConfigurationList;
			buildConfigurations = (
				65E472841DD8BDEA00133504 /* Debug */,
				65E472851DD8BDEA00133504 /* Release */,
			);
			defaultConfigurationIsVisible = 0;
		};
/* End XCConfigurationList section */
	};
	rootObject = 65E472691DD8BDE900133504 /* Project object */;
}
